<?xml version="1.0" encoding="utf-8"?>
<Project ToolsVersion="4.0" xmlns="http://schemas.microsoft.com/developer/msbuild/2003">
  <ItemGroup>
    <Filter Include="源文件">
      <UniqueIdentifier>{4FC737F1-C7A5-4376-A066-2A32D752A2FF}</UniqueIdentifier>
      <Extensions>cpp;c;cc;cxx;def;odl;idl;hpj;bat;asm;asmx</Extensions>
    </Filter>
    <Filter Include="头文件">
      <UniqueIdentifier>{93995380-89BD-4b04-88EB-625FBE52EBFB}</UniqueIdentifier>
      <Extensions>h;hpp;hxx;hm;inl;inc;xsd</Extensions>
    </Filter>
    <Filter Include="资源文件">
      <UniqueIdentifier>{67DA6AB6-F800-4c08-8B7A-83BB121AAD01}</UniqueIdentifier>
      <Extensions>rc;ico;cur;bmp;dlg;rc2;rct;bin;rgs;gif;jpg;jpeg;jpe;resx;tiff;tif;png;wav;mfcribbon-ms</Extensions>
    </Filter>
    <Filter Include="SPH">
      <UniqueIdentifier>{d3b528a5-a714-47b2-abc2-2e401596ae4f}</UniqueIdentifier>
    </Filter>
    <Filter Include="OSG">
      <UniqueIdentifier>{20c921d1-af2a-4d84-a4a7-25bba24096a6}</UniqueIdentifier>
    </Filter>
  </ItemGroup>
  <ItemGroup>
    <None Include="ReadMe.txt" />
    <None Include="UserImages.bmp">
      <Filter>资源文件</Filter>
    </None>
    <None Include="res\FluidSimulation.rc2">
      <Filter>资源文件</Filter>
    </None>
    <None Include="res\FluidSimulationDoc.ico">
      <Filter>资源文件</Filter>
    </None>
    <None Include="res\FluidSimulation.ico">
      <Filter>资源文件</Filter>
    </None>
    <None Include="res\Toolbar.bmp">
      <Filter>资源文件</Filter>
    </None>
    <None Include="res\Toolbar256.bmp">
      <Filter>资源文件</Filter>
    </None>
  </ItemGroup>
  <ItemGroup>
    <ClInclude Include="FluidSimulation.h">
      <Filter>头文件</Filter>
    </ClInclude>
    <ClInclude Include="stdafx.h">
      <Filter>头文件</Filter>
    </ClInclude>
    <ClInclude Include="targetver.h">
      <Filter>头文件</Filter>
    </ClInclude>
    <ClInclude Include="MainFrm.h">
      <Filter>头文件</Filter>
    </ClInclude>
    <ClInclude Include="FluidSimulationDoc.h">
      <Filter>头文件</Filter>
    </ClInclude>
    <ClInclude Include="FluidSimulationView.h">
      <Filter>头文件</Filter>
    </ClInclude>
    <ClInclude Include="Resource.h">
      <Filter>头文件</Filter>
    </ClInclude>
    <ClInclude Include="SPH.h">
      <Filter>SPH</Filter>
    </ClInclude>
    <ClInclude Include="Vector3DF.h">
      <Filter>SPH</Filter>
    </ClInclude>
    <ClInclude Include="MFC_OSG.h">
      <Filter>OSG</Filter>
    </ClInclude>
  </ItemGroup>
  <ItemGroup>
    <ClCompile Include="FluidSimulation.cpp">
      <Filter>源文件</Filter>
    </ClCompile>
    <ClCompile Include="stdafx.cpp">
      <Filter>源文件</Filter>
    </ClCompile>
    <ClCompile Include="MainFrm.cpp">
      <Filter>源文件</Filter>
    </ClCompile>
    <ClCompile Include="FluidSimulationDoc.cpp">
      <Filter>源文件</Filter>
    </ClCompile>
    <ClCompile Include="FluidSimulationView.cpp">
      <Filter>源文件</Filter>
    </ClCompile>
    <ClCompile Include="SPH.cpp">
      <Filter>SPH</Filter>
    </ClCompile>
    <ClCompile Include="Vector3DF.cpp">
      <Filter>SPH</Filter>
    </ClCompile>
    <ClCompile Include="MFC_OSG.cpp">
      <Filter>OSG</Filter>
    </ClCompile>
  </ItemGroup>
  <ItemGroup>
    <ResourceCompile Include="FluidSimulation.rc">
      <Filter>资源文件</Filter>
    </ResourceCompile>
  </ItemGroup>
</Project>